// !$*UTF8*$!
{
	archiveVersion = 1;
	classes = {
	};
	objectVersion = 56;
	objects = {

/* Begin PBXBuildFile section */
		BE6D8BAF2B9C66C400F910FB /* onBoardingScreenView.swift in Sources */ = {isa = PBXBuildFile; fileRef = BE6D8BAE2B9C66C400F910FB /* onBoardingScreenView.swift */; };
		BE6D8BB42B9C6CA100F910FB /* HomeScreen.swift in Sources */ = {isa = PBXBuildFile; fileRef = BE6D8BB32B9C6CA100F910FB /* HomeScreen.swift */; };
		BE6D8BB72B9C710800F910FB /* ImageData.swift in Sources */ = {isa = PBXBuildFile; fileRef = BE6D8BB62B9C710800F910FB /* ImageData.swift */; };
		BE6D8BB92B9C711700F910FB /* NearYouData.swift in Sources */ = {isa = PBXBuildFile; fileRef = BE6D8BB82B9C711700F910FB /* NearYouData.swift */; };
		BE6D8BBB2B9C730F00F910FB /* FruitCardView.swift in Sources */ = {isa = PBXBuildFile; fileRef = BE6D8BBA2B9C730F00F910FB /* FruitCardView.swift */; };
		BE6D8BBD2B9C796300F910FB /* TopSellingView.swift in Sources */ = {isa = PBXBuildFile; fileRef = BE6D8BBC2B9C796300F910FB /* TopSellingView.swift */; };
		BE6D8BC02B9C7FFE00F910FB /* DetailsView.swift in Sources */ = {isa = PBXBuildFile; fileRef = BE6D8BBF2B9C7FFE00F910FB /* DetailsView.swift */; };
		BE6D8BC22B9CA57C00F910FB /* NearYouView.swift in Sources */ = {isa = PBXBuildFile; fileRef = BE6D8BC12B9CA57C00F910FB /* NearYouView.swift */; };
		BE803BA82B9C2A5A007FB445 /* shoppingAppApp.swift in Sources */ = {isa = PBXBuildFile; fileRef = BE803BA72B9C2A5A007FB445 /* shoppingAppApp.swift */; };
		BE803BAA2B9C2A5A007FB445 /* ContentView.swift in Sources */ = {isa = PBXBuildFile; fileRef = BE803BA92B9C2A5A007FB445 /* ContentView.swift */; };
		BE803BAC2B9C2A5B007FB445 /* Assets.xcassets in Resources */ = {isa = PBXBuildFile; fileRef = BE803BAB2B9C2A5B007FB445 /* Assets.xcassets */; };
		BE803BAF2B9C2A5B007FB445 /* Preview Assets.xcassets in Resources */ = {isa = PBXBuildFile; fileRef = BE803BAE2B9C2A5B007FB445 /* Preview Assets.xcassets */; };
/* End PBXBuildFile section */

/* Begin PBXFileReference section */
		BE6D8BAE2B9C66C400F910FB /* onBoardingScreenView.swift */ = {isa = PBXFileReference; lastKnownFileType = sourcecode.swift; path = onBoardingScreenView.swift; sourceTree = "<group>"; };
		BE6D8BB32B9C6CA100F910FB /* HomeScreen.swift */ = {isa = PBXFileReference; lastKnownFileType = sourcecode.swift; path = HomeScreen.swift; sourceTree = "<group>"; };
		BE6D8BB62B9C710800F910FB /* ImageData.swift */ = {isa = PBXFileReference; lastKnownFileType = sourcecode.swift; path = ImageData.swift; sourceTree = "<group>"; };
		BE6D8BB82B9C711700F910FB /* NearYouData.swift */ = {isa = PBXFileReference; lastKnownFileType = sourcecode.swift; path = NearYouData.swift; sourceTree = "<group>"; };
		BE6D8BBA2B9C730F00F910FB /* FruitCardView.swift */ = {isa = PBXFileReference; lastKnownFileType = sourcecode.swift; path = FruitCardView.swift; sourceTree = "<group>"; };
		BE6D8BBC2B9C796300F910FB /* TopSellingView.swift */ = {isa = PBXFileReference; lastKnownFileType = sourcecode.swift; path = TopSellingView.swift; sourceTree = "<group>"; };
		BE6D8BBF2B9C7FFE00F910FB /* DetailsView.swift */ = {isa = PBXFileReference; lastKnownFileType = sourcecode.swift; path = DetailsView.swift; sourceTree = "<group>"; };
		BE6D8BC12B9CA57C00F910FB /* NearYouView.swift */ = {isa = PBXFileReference; lastKnownFileType = sourcecode.swift; path = NearYouView.swift; sourceTree = "<group>"; };
		BE803BA42B9C2A5A007FB445 /* shoppingApp.app */ = {isa = PBXFileReference; explicitFileType = wrapper.application; includeInIndex = 0; path = shoppingApp.app; sourceTree = BUILT_PRODUCTS_DIR; };
		BE803BA72B9C2A5A007FB445 /* shoppingAppApp.swift */ = {isa = PBXFileReference; lastKnownFileType = sourcecode.swift; path = shoppingAppApp.swift; sourceTree = "<group>"; };
		BE803BA92B9C2A5A007FB445 /* ContentView.swift */ = {isa = PBXFileReference; lastKnownFileType = sourcecode.swift; path = ContentView.swift; sourceTree = "<group>"; };
		BE803BAB2B9C2A5B007FB445 /* Assets.xcassets */ = {isa = PBXFileReference; lastKnownFileType = folder.assetcatalog; path = Assets.xcassets; sourceTree = "<group>"; };
		BE803BAE2B9C2A5B007FB445 /* Preview Assets.xcassets */ = {isa = PBXFileReference; lastKnownFileType = folder.assetcatalog; path = "Preview Assets.xcassets"; sourceTree = "<group>"; };
/* End PBXFileReference section */

/* Begin PBXFrameworksBuildPhase section */
		BE803BA12B9C2A5A007FB445 /* Frameworks */ = {
			isa = PBXFrameworksBuildPhase;
			buildActionMask = 2147483647;
			files = (
			);
			runOnlyForDeploymentPostprocessing = 0;
		};
/* End PBXFrameworksBuildPhase section */

/* Begin PBXGroup section */
		BE6D8BB02B9C66EB00F910FB /* HomeScreenViews */ = {
			isa = PBXGroup;
			children = (
				BE6D8BB32B9C6CA100F910FB /* HomeScreen.swift */,
				BE6D8BBA2B9C730F00F910FB /* FruitCardView.swift */,
				BE6D8BBC2B9C796300F910FB /* TopSellingView.swift */,
				BE6D8BBF2B9C7FFE00F910FB /* DetailsView.swift */,
				BE6D8BC12B9CA57C00F910FB /* NearYouView.swift */,
			);
			path = HomeScreenViews;
			sourceTree = "<group>";
		};
		BE6D8BB52B9C70F200F910FB /* Model */ = {
			isa = PBXGroup;
			children = (
				BE6D8BB62B9C710800F910FB /* ImageData.swift */,
				BE6D8BB82B9C711700F910FB /* NearYouData.swift */,
			);
			path = Model;
			sourceTree = "<group>";
		};
		BE803B9B2B9C2A5A007FB445 = {
			isa = PBXGroup;
			children = (
				BE803BA62B9C2A5A007FB445 /* shoppingApp */,
				BE803BA52B9C2A5A007FB445 /* Products */,
			);
			sourceTree = "<group>";
		};
		BE803BA52B9C2A5A007FB445 /* Products */ = {
			isa = PBXGroup;
			children = (
				BE803BA42B9C2A5A007FB445 /* shoppingApp.app */,
			);
			name = Products;
			sourceTree = "<group>";
		};
		BE803BA62B9C2A5A007FB445 /* shoppingApp */ = {
			isa = PBXGroup;
			children = (
				BE6D8BB52B9C70F200F910FB /* Model */,
				BE6D8BB02B9C66EB00F910FB /* HomeScreenViews */,
				BE803BA72B9C2A5A007FB445 /* shoppingAppApp.swift */,
				BE803BA92B9C2A5A007FB445 /* ContentView.swift */,
				BE6D8BAE2B9C66C400F910FB /* onBoardingScreenView.swift */,
				BE803BAB2B9C2A5B007FB445 /* Assets.xcassets */,
				BE803BAD2B9C2A5B007FB445 /* Preview Content */,
			);
			path = shoppingApp;
			sourceTree = "<group>";
		};
		BE803BAD2B9C2A5B007FB445 /* Preview Content */ = {
			isa = PBXGroup;
			children = (
				BE803BAE2B9C2A5B007FB445 /* Preview Assets.xcassets */,
			);
			path = "Preview Content";
			sourceTree = "<group>";
		};
/* End PBXGroup section */

/* Begin PBXNativeTarget section */
		BE803BA32B9C2A5A007FB445 /* shoppingApp */ = {
			isa = PBXNativeTarget;
			buildConfigurationList = BE803BB22B9C2A5B007FB445 /* Build configuration list for PBXNativeTarget "shoppingApp" */;
			buildPhases = (
				BE803BA02B9C2A5A007FB445 /* Sources */,
				BE803BA12B9C2A5A007FB445 /* Frameworks */,
				BE803BA22B9C2A5A007FB445 /* Resources */,
			);
			buildRules = (
			);
			dependencies = (
			);
			name = shoppingApp;
			productName = shoppingApp;
			productReference = BE803BA42B9C2A5A007FB445 /* shoppingApp.app */;
			productType = "com.apple.product-type.application";
		};
/* End PBXNativeTarget section */

/* Begin PBXProject section */
		BE803B9C2B9C2A5A007FB445 /* Project object */ = {
			isa = PBXProject;
			attributes = {
				BuildIndependentTargetsInParallel = 1;
				LastSwiftUpdateCheck = 1530;
				LastUpgradeCheck = 1530;
				TargetAttributes = {
					BE803BA32B9C2A5A007FB445 = {
						CreatedOnToolsVersion = 15.3;
					};
				};
			};
			buildConfigurationList = BE803B9F2B9C2A5A007FB445 /* Build configuration list for PBXProject "shoppingApp" */;
			compatibilityVersion = "Xcode 14.0";
			developmentRegion = en;
			hasScannedForEncodings = 0;
			knownRegions = (
				en,
				Base,
			);
			mainGroup = BE803B9B2B9C2A5A007FB445;
			productRefGroup = BE803BA52B9C2A5A007FB445 /* Products */;
			projectDirPath = "";
			projectRoot = "";
			targets = (
				BE803BA32B9C2A5A007FB445 /* shoppingApp */,
			);
		};
/* End PBXProject section */

/* Begin PBXResourcesBuildPhase section */
		BE803BA22B9C2A5A007FB445 /* Resources */ = {
			isa = PBXResourcesBuildPhase;
			buildActionMask = 2147483647;
			files = (
				BE803BAF2B9C2A5B007FB445 /* Preview Assets.xcassets in Resources */,
				BE803BAC2B9C2A5B007FB445 /* Assets.xcassets in Resources */,
			);
			runOnlyForDeploymentPostprocessing = 0;
		};
/* End PBXResourcesBuildPhase section */

/* Begin PBXSourcesBuildPhase section */
		BE803BA02B9C2A5A007FB445 /* Sources */ = {
			isa = PBXSourcesBuildPhase;
			buildActionMask = 2147483647;
			files = (
				BE6D8BB42B9C6CA100F910FB /* HomeScreen.swift in Sources */,
				BE6D8BB92B9C711700F910FB /* NearYouData.swift in Sources */,
				BE6D8BC02B9C7FFE00F910FB /* DetailsView.swift in Sources */,
				BE803BAA2B9C2A5A007FB445 /* ContentView.swift in Sources */,
				BE6D8BBD2B9C796300F910FB /* TopSellingView.swift in Sources */,
				BE6D8BAF2B9C66C400F910FB /* onBoardingScreenView.swift in Sources */,
				BE6D8BC22B9CA57C00F910FB /* NearYouView.swift in Sources */,
				BE6D8BBB2B9C730F00F910FB /* FruitCardView.swift in Sources */,
				BE6D8BB72B9C710800F910FB /* ImageData.swift in Sources */,
				BE803BA82B9C2A5A007FB445 /* shoppingAppApp.swift in Sources */,
			);
			runOnlyForDeploymentPostprocessing = 0;
		};
/* End PBXSourcesBuildPhase section */

/* Begin XCBuildConfiguration section */
		BE803BB02B9C2A5B007FB445 /* Debug */ = {
			isa = XCBuildConfiguration;
			buildSettings = {
				ALWAYS_SEARCH_USER_PATHS = NO;
				ASSETCATALOG_COMPILER_GENERATE_SWIFT_ASSET_SYMBOL_EXTENSIONS = YES;
				CLANG_ANALYZER_NONNULL = YES;
				CLANG_ANALYZER_NUMBER_OBJECT_CONVERSION = YES_AGGRESSIVE;
				CLANG_CXX_LANGUAGE_STANDARD = "gnu++20";
				CLANG_ENABLE_MODULES = YES;
				CLANG_ENABLE_OBJC_ARC = YES;
				CLANG_ENABLE_OBJC_WEAK = YES;
				CLANG_WARN_BLOCK_CAPTURE_AUTORELEASING = YES;
				CLANG_WARN_BOOL_CONVERSION = YES;
				CLANG_WARN_COMMA = YES;
				CLANG_WARN_CONSTANT_CONVERSION = YES;
				CLANG_WARN_DEPRECATED_OBJC_IMPLEMENTATIONS = YES;
				CLANG_WARN_DIRECT_OBJC_ISA_USAGE = YES_ERROR;
				CLANG_WARN_DOCUMENTATION_COMMENTS = YES;
				CLANG_WARN_EMPTY_BODY = YES;
				CLANG_WARN_ENUM_CONVERSION = YES;
				CLANG_WARN_INFINITE_RECURSION = YES;
				CLANG_WARN_INT_CONVERSION = YES;
				CLANG_WARN_NON_LITERAL_NULL_CONVERSION = YES;
				CLANG_WARN_OBJC_IMPLICIT_RETAIN_SELF = YES;
				CLANG_WARN_OBJC_LITERAL_CONVERSION = YES;
				CLANG_WARN_OBJC_ROOT_CLASS = YES_ERROR;
				CLANG_WARN_QUOTED_INCLUDE_IN_FRAMEWORK_HEADER = YES;
				CLANG_WARN_RANGE_LOOP_ANALYSIS = YES;
				CLANG_WARN_STRICT_PROTOTYPES = YES;
				CLANG_WARN_SUSPICIOUS_MOVE = YES;
				CLANG_WARN_UNGUARDED_AVAILABILITY = YES_AGGRESSIVE;
				CLANG_WARN_UNREACHABLE_CODE = YES;
				CLANG_WARN__DUPLICATE_METHOD_MATCH = YES;
				COPY_PHASE_STRIP = NO;
				DEBUG_INFORMATION_FORMAT = dwarf;
				ENABLE_STRICT_OBJC_MSGSEND = YES;
				ENABLE_TESTABILITY = YES;
				ENABLE_USER_SCRIPT_SANDBOXING = YES;
				GCC_C_LANGUAGE_STANDARD = gnu17;
				GCC_DYNAMIC_NO_PIC = NO;
				GCC_NO_COMMON_BLOCKS = YES;
				GCC_OPTIMIZATION_LEVEL = 0;
				GCC_PREPROCESSOR_DEFINITIONS = (
					"DEBUG=1",
					"$(inherited)",
				);
				GCC_WARN_64_TO_32_BIT_CONVERSION = YES;
				GCC_WARN_ABOUT_RETURN_TYPE = YES_ERROR;
				GCC_WARN_UNDECLARED_SELECTOR = YES;
				GCC_WARN_UNINITIALIZED_AUTOS = YES_AGGRESSIVE;
				GCC_WARN_UNUSED_FUNCTION = YES;
				GCC_WARN_UNUSED_VARIABLE = YES;
				IPHONEOS_DEPLOYMENT_TARGET = 17.4;
				LOCALIZATION_PREFERS_STRING_CATALOGS = YES;
				MTL_ENABLE_DEBUG_INFO = INCLUDE_SOURCE;
				MTL_FAST_MATH = YES;
				ONLY_ACTIVE_ARCH = YES;
				SDKROOT = iphoneos;
				SWIFT_ACTIVE_COMPILATION_CONDITIONS = "DEBUG $(inherited)";
				SWIFT_OPTIMIZATION_LEVEL = "-Onone";
			};
			name = Debug;
		};
		BE803BB12B9C2A5B007FB445 /* Release */ = {
			isa = XCBuildConfiguration;
			buildSettings = {
				ALWAYS_SEARCH_USER_PATHS = NO;
				ASSETCATALOG_COMPILER_GENERATE_SWIFT_ASSET_SYMBOL_EXTENSIONS = YES;
				CLANG_ANALYZER_NONNULL = YES;
				CLANG_ANALYZER_NUMBER_OBJECT_CONVERSION = YES_AGGRESSIVE;
				CLANG_CXX_LANGUAGE_STANDARD = "gnu++20";
				CLANG_ENABLE_MODULES = YES;
				CLANG_ENABLE_OBJC_ARC = YES;
				CLANG_ENABLE_OBJC_WEAK = YES;
				CLANG_WARN_BLOCK_CAPTURE_AUTORELEASING = YES;
				CLANG_WARN_BOOL_CONVERSION = YES;
				CLANG_WARN_COMMA = YES;
				CLANG_WARN_CONSTANT_CONVERSION = YES;
				CLANG_WARN_DEPRECATED_OBJC_IMPLEMENTATIONS = YES;
				CLANG_WARN_DIRECT_OBJC_ISA_USAGE = YES_ERROR;
				CLANG_WARN_DOCUMENTATION_COMMENTS = YES;
				CLANG_WARN_EMPTY_BODY = YES;
				CLANG_WARN_ENUM_CONVERSION = YES;
				CLANG_WARN_INFINITE_RECURSION = YES;
				CLANG_WARN_INT_CONVERSION = YES;
				CLANG_WARN_NON_LITERAL_NULL_CONVERSION = YES;
				CLANG_WARN_OBJC_IMPLICIT_RETAIN_SELF = YES;
				CLANG_WARN_OBJC_LITERAL_CONVERSION = YES;
				CLANG_WARN_OBJC_ROOT_CLASS = YES_ERROR;
				CLANG_WARN_QUOTED_INCLUDE_IN_FRAMEWORK_HEADER = YES;
				CLANG_WARN_RANGE_LOOP_ANALYSIS = YES;
				CLANG_WARN_STRICT_PROTOTYPES = YES;
				CLANG_WARN_SUSPICIOUS_MOVE = YES;
				CLANG_WARN_UNGUARDED_AVAILABILITY = YES_AGGRESSIVE;
				CLANG_WARN_UNREACHABLE_CODE = YES;
				CLANG_WARN__DUPLICATE_METHOD_MATCH = YES;
				COPY_PHASE_STRIP = NO;
				DEBUG_INFORMATION_FORMAT = "dwarf-with-dsym";
				ENABLE_NS_ASSERTIONS = NO;
				ENABLE_STRICT_OBJC_MSGSEND = YES;
				ENABLE_USER_SCRIPT_SANDBOXING = YES;
				GCC_C_LANGUAGE_STANDARD = gnu17;
				GCC_NO_COMMON_BLOCKS = YES;
				GCC_WARN_64_TO_32_BIT_CONVERSION = YES;
				GCC_WARN_ABOUT_RETURN_TYPE = YES_ERROR;
				GCC_WARN_UNDECLARED_SELECTOR = YES;
				GCC_WARN_UNINITIALIZED_AUTOS = YES_AGGRESSIVE;
				GCC_WARN_UNUSED_FUNCTION = YES;
				GCC_WARN_UNUSED_VARIABLE = YES;
				IPHONEOS_DEPLOYMENT_TARGET = 17.4;
				LOCALIZATION_PREFERS_STRING_CATALOGS = YES;
				MTL_ENABLE_DEBUG_INFO = NO;
				MTL_FAST_MATH = YES;
				SDKROOT = iphoneos;
				SWIFT_COMPILATION_MODE = wholemodule;
				VALIDATE_PRODUCT = YES;
			};
			name = Release;
		};
		BE803BB32B9C2A5B007FB445 /* Debug */ = {
			isa = XCBuildConfiguration;
			buildSettings = {
				ASSETCATALOG_COMPILER_APPICON_NAME = AppIcon;
				ASSETCATALOG_COMPILER_GLOBAL_ACCENT_COLOR_NAME = AccentColor;
				CODE_SIGN_STYLE = Automatic;
				CURRENT_PROJECT_VERSION = 1;
				DEVELOPMENT_ASSET_PATHS = "\"shoppingApp/Preview Content\"";
				ENABLE_PREVIEWS = YES;
				GENERATE_INFOPLIST_FILE = YES;
				INFOPLIST_KEY_UIApplicationSceneManifest_Generation = YES;
				INFOPLIST_KEY_UIApplicationSupportsIndirectInputEvents = YES;
				INFOPLIST_KEY_UILaunchScreen_Generation = YES;
				INFOPLIST_KEY_UISupportedInterfaceOrientations_iPad = "UIInterfaceOrientationPortrait UIInterfaceOrientationPortraitUpsideDown UIInterfaceOrientationLandscapeLeft UIInterfaceOrientationLandscapeRight";
				INFOPLIST_KEY_UISupportedInterfaceOrientations_iPhone = "UIInterfaceOrientationPortrait UIInterfaceOrientationLandscapeLeft UIInterfaceOrientationLandscapeRight";
				LD_RUNPATH_SEARCH_PATHS = (
					"$(inherited)",
					"@executable_path/Frameworks",
				);
				MARKETING_VERSION = 1.0;
				PRODUCT_BUNDLE_IDENTIFIER = steve.shoppingApp;
				PRODUCT_NAME = "$(TARGET_NAME)";
				SWIFT_EMIT_LOC_STRINGS = YES;
				SWIFT_VERSION = 5.0;
				TARGETED_DEVICE_FAMILY = "1,2";
			};
			name = Debug;
		};
		BE803BB42B9C2A5B007FB445 /* Release */ = {
			isa = XCBuildConfiguration;
			buildSettings = {
				ASSETCATALOG_COMPILER_APPICON_NAME = AppIcon;
				ASSETCATALOG_COMPILER_GLOBAL_ACCENT_COLOR_NAME = AccentColor;
				CODE_SIGN_STYLE = Automatic;
				CURRENT_PROJECT_VERSION = 1;
				DEVELOPMENT_ASSET_PATHS = "\"shoppingApp/Preview Content\"";
				ENABLE_PREVIEWS = YES;
				GENERATE_INFOPLIST_FILE = YES;
				INFOPLIST_KEY_UIApplicationSceneManifest_Generation = YES;
				INFOPLIST_KEY_UIApplicationSupportsIndirectInputEvents = YES;
				INFOPLIST_KEY_UILaunchScreen_Generation = YES;
				INFOPLIST_KEY_UISupportedInterfaceOrientations_iPad = "UIInterfaceOrientationPortrait UIInterfaceOrientationPortraitUpsideDown UIInterfaceOrientationLandscapeLeft UIInterfaceOrientationLandscapeRight";
				INFOPLIST_KEY_UISupportedInterfaceOrientations_iPhone = "UIInterfaceOrientationPortrait UIInterfaceOrientationLandscapeLeft UIInterfaceOrientationLandscapeRight";
				LD_RUNPATH_SEARCH_PATHS = (
					"$(inherited)",
					"@executable_path/Frameworks",
				);
				MARKETING_VERSION = 1.0;
				PRODUCT_BUNDLE_IDENTIFIER = steve.shoppingApp;
				PRODUCT_NAME = "$(TARGET_NAME)";
				SWIFT_EMIT_LOC_STRINGS = YES;
				SWIFT_VERSION = 5.0;
				TARGETED_DEVICE_FAMILY = "1,2";
			};
			name = Release;
		};
/* End XCBuildConfiguration section */

/* Begin XCConfigurationList section */
		BE803B9F2B9C2A5A007FB445 /* Build configuration list for PBXProject "shoppingApp" */ = {
			isa = XCConfigurationList;
			buildConfigurations = (
				BE803BB02B9C2A5B007FB445 /* Debug */,
				BE803BB12B9C2A5B007FB445 /* Release */,
			);
			defaultConfigurationIsVisible = 0;
			defaultConfigurationName = Release;
		};
		BE803BB22B9C2A5B007FB445 /* Build configuration list for PBXNativeTarget "shoppingApp" */ = {
			isa = XCConfigurationList;
			buildConfigurations = (
				BE803BB32B9C2A5B007FB445 /* Debug */,
				BE803BB42B9C2A5B007FB445 /* Release */,
			);
			defaultConfigurationIsVisible = 0;
			defaultConfigurationName = Release;
		};
/* End XCConfigurationList section */
	};
	rootObject = BE803B9C2B9C2A5A007FB445 /* Project object */;
}
